// !$*UTF8*$!
{
	archiveVersion = 1;
	classes = {
	};
	objectVersion = 55;
	objects = {

/* Begin PBXBuildFile section */
		024C514DF8E62051315CDF1A /* Pods_tech_ninjasTests.framework in Frameworks */ = {isa = PBXBuildFile; fileRef = 5709AA91946DAC315769F135 /* Pods_tech_ninjasTests.framework */; };
		28F24BE6C122A5C3AC63C408 /* Pods_tech_ninjas_tech_ninjasUITests.framework in Frameworks */ = {isa = PBXBuildFile; fileRef = 4C674F9699D4D9149AD0514E /* Pods_tech_ninjas_tech_ninjasUITests.framework */; };
		8DB1E9F6291455F600450E25 /* MainCoordinator.swift in Sources */ = {isa = PBXBuildFile; fileRef = 8DB1E9F5291455F600450E25 /* MainCoordinator.swift */; };
		8DE3AED328FA061E0042BB42 /* MaterialIcons-Regular.ttf in Resources */ = {isa = PBXBuildFile; fileRef = 8DE3AED228FA061E0042BB42 /* MaterialIcons-Regular.ttf */; };
		AF39AF2428ED3070009A5FA8 /* UserSummaryViewCell.swift in Sources */ = {isa = PBXBuildFile; fileRef = AF39AF2328ED3070009A5FA8 /* UserSummaryViewCell.swift */; };
		AF39AF2728ED3A70009A5FA8 /* SelectUsersService.swift in Sources */ = {isa = PBXBuildFile; fileRef = AF39AF2628ED3A70009A5FA8 /* SelectUsersService.swift */; };
		AF5EFE6E28C820860011B923 /* SelectUsersCoordinator.swift in Sources */ = {isa = PBXBuildFile; fileRef = AF5EFE6928C820860011B923 /* SelectUsersCoordinator.swift */; };
		AF5EFE6F28C820860011B923 /* SelectUsersViewController.swift in Sources */ = {isa = PBXBuildFile; fileRef = AF5EFE6A28C820860011B923 /* SelectUsersViewController.swift */; };
		AF5EFE7028C820860011B923 /* SelectUsersView.swift in Sources */ = {isa = PBXBuildFile; fileRef = AF5EFE6B28C820860011B923 /* SelectUsersView.swift */; };
		AF5EFE7128C820860011B923 /* SelectUsersModel.swift in Sources */ = {isa = PBXBuildFile; fileRef = AF5EFE6C28C820860011B923 /* SelectUsersModel.swift */; };
		AF5EFE7228C820860011B923 /* SelectUsersViewModel.swift in Sources */ = {isa = PBXBuildFile; fileRef = AF5EFE6D28C820860011B923 /* SelectUsersViewModel.swift */; };
		AF9DA71828C44AE90004B101 /* AppDelegate.swift in Sources */ = {isa = PBXBuildFile; fileRef = AF9DA71728C44AE90004B101 /* AppDelegate.swift */; };
		AF9DA71A28C44AE90004B101 /* SceneDelegate.swift in Sources */ = {isa = PBXBuildFile; fileRef = AF9DA71928C44AE90004B101 /* SceneDelegate.swift */; };
		AF9DA72128C44AEA0004B101 /* Assets.xcassets in Resources */ = {isa = PBXBuildFile; fileRef = AF9DA72028C44AEA0004B101 /* Assets.xcassets */; };
		AF9DA72428C44AEA0004B101 /* LaunchScreen.storyboard in Resources */ = {isa = PBXBuildFile; fileRef = AF9DA72228C44AEA0004B101 /* LaunchScreen.storyboard */; };
		AF9DA72F28C44AEB0004B101 /* tech_ninjasTests.swift in Sources */ = {isa = PBXBuildFile; fileRef = AF9DA72E28C44AEB0004B101 /* tech_ninjasTests.swift */; };
		AF9DA73928C44AEB0004B101 /* tech_ninjasUITests.swift in Sources */ = {isa = PBXBuildFile; fileRef = AF9DA73828C44AEB0004B101 /* tech_ninjasUITests.swift */; };
		AF9DA73B28C44AEB0004B101 /* tech_ninjasUITestsLaunchTests.swift in Sources */ = {isa = PBXBuildFile; fileRef = AF9DA73A28C44AEB0004B101 /* tech_ninjasUITestsLaunchTests.swift */; };
		AF9DA75528C4611F0004B101 /* HomeFeatureCoordinator.swift in Sources */ = {isa = PBXBuildFile; fileRef = AF9DA75428C4611F0004B101 /* HomeFeatureCoordinator.swift */; };
		AF9DA75728C4618D0004B101 /* HomeViewController.swift in Sources */ = {isa = PBXBuildFile; fileRef = AF9DA75628C4618D0004B101 /* HomeViewController.swift */; };
		E6536A9503555915D0FEA6E2 /* Pods_tech_ninjas.framework in Frameworks */ = {isa = PBXBuildFile; fileRef = 8BFC5256A9E17F9D2E030269 /* Pods_tech_ninjas.framework */; };
/* End PBXBuildFile section */

/* Begin PBXContainerItemProxy section */
		AF9DA72B28C44AEB0004B101 /* PBXContainerItemProxy */ = {
			isa = PBXContainerItemProxy;
			containerPortal = AF9DA70C28C44AE90004B101 /* Project object */;
			proxyType = 1;
			remoteGlobalIDString = AF9DA71328C44AE90004B101;
			remoteInfo = "tech-ninjas";
		};
		AF9DA73528C44AEB0004B101 /* PBXContainerItemProxy */ = {
			isa = PBXContainerItemProxy;
			containerPortal = AF9DA70C28C44AE90004B101 /* Project object */;
			proxyType = 1;
			remoteGlobalIDString = AF9DA71328C44AE90004B101;
			remoteInfo = "tech-ninjas";
		};
/* End PBXContainerItemProxy section */

/* Begin PBXFileReference section */
		33882AD9FA542FE5510B3A41 /* Pods-tech-ninjas-tech-ninjasUITests.release.xcconfig */ = {isa = PBXFileReference; includeInIndex = 1; lastKnownFileType = text.xcconfig; name = "Pods-tech-ninjas-tech-ninjasUITests.release.xcconfig"; path = "Target Support Files/Pods-tech-ninjas-tech-ninjasUITests/Pods-tech-ninjas-tech-ninjasUITests.release.xcconfig"; sourceTree = "<group>"; };
		4239BDB1666E564CFE9427FE /* Pods-tech-ninjasTests.debug.xcconfig */ = {isa = PBXFileReference; includeInIndex = 1; lastKnownFileType = text.xcconfig; name = "Pods-tech-ninjasTests.debug.xcconfig"; path = "Target Support Files/Pods-tech-ninjasTests/Pods-tech-ninjasTests.debug.xcconfig"; sourceTree = "<group>"; };
		4C674F9699D4D9149AD0514E /* Pods_tech_ninjas_tech_ninjasUITests.framework */ = {isa = PBXFileReference; explicitFileType = wrapper.framework; includeInIndex = 0; path = Pods_tech_ninjas_tech_ninjasUITests.framework; sourceTree = BUILT_PRODUCTS_DIR; };
		5709AA91946DAC315769F135 /* Pods_tech_ninjasTests.framework */ = {isa = PBXFileReference; explicitFileType = wrapper.framework; includeInIndex = 0; path = Pods_tech_ninjasTests.framework; sourceTree = BUILT_PRODUCTS_DIR; };
		5CBCC83238F95C73F3D805F9 /* Pods-tech-ninjas.debug.xcconfig */ = {isa = PBXFileReference; includeInIndex = 1; lastKnownFileType = text.xcconfig; name = "Pods-tech-ninjas.debug.xcconfig"; path = "Target Support Files/Pods-tech-ninjas/Pods-tech-ninjas.debug.xcconfig"; sourceTree = "<group>"; };
		6C9BECD9F400923D66D4EFA6 /* Pods-tech-ninjas-tech-ninjasUITests.debug.xcconfig */ = {isa = PBXFileReference; includeInIndex = 1; lastKnownFileType = text.xcconfig; name = "Pods-tech-ninjas-tech-ninjasUITests.debug.xcconfig"; path = "Target Support Files/Pods-tech-ninjas-tech-ninjasUITests/Pods-tech-ninjas-tech-ninjasUITests.debug.xcconfig"; sourceTree = "<group>"; };
		8BFC5256A9E17F9D2E030269 /* Pods_tech_ninjas.framework */ = {isa = PBXFileReference; explicitFileType = wrapper.framework; includeInIndex = 0; path = Pods_tech_ninjas.framework; sourceTree = BUILT_PRODUCTS_DIR; };
		8DB1E9F5291455F600450E25 /* MainCoordinator.swift */ = {isa = PBXFileReference; lastKnownFileType = sourcecode.swift; path = MainCoordinator.swift; sourceTree = "<group>"; };
		8DE3AED228FA061E0042BB42 /* MaterialIcons-Regular.ttf */ = {isa = PBXFileReference; lastKnownFileType = file; path = "MaterialIcons-Regular.ttf"; sourceTree = "<group>"; };
		AF39AF2328ED3070009A5FA8 /* UserSummaryViewCell.swift */ = {isa = PBXFileReference; lastKnownFileType = sourcecode.swift; path = UserSummaryViewCell.swift; sourceTree = "<group>"; };
		AF39AF2628ED3A70009A5FA8 /* SelectUsersService.swift */ = {isa = PBXFileReference; lastKnownFileType = sourcecode.swift; path = SelectUsersService.swift; sourceTree = "<group>"; };
		AF5EFE6928C820860011B923 /* SelectUsersCoordinator.swift */ = {isa = PBXFileReference; lastKnownFileType = sourcecode.swift; path = SelectUsersCoordinator.swift; sourceTree = "<group>"; };
		AF5EFE6A28C820860011B923 /* SelectUsersViewController.swift */ = {isa = PBXFileReference; lastKnownFileType = sourcecode.swift; path = SelectUsersViewController.swift; sourceTree = "<group>"; };
		AF5EFE6B28C820860011B923 /* SelectUsersView.swift */ = {isa = PBXFileReference; lastKnownFileType = sourcecode.swift; path = SelectUsersView.swift; sourceTree = "<group>"; };
		AF5EFE6C28C820860011B923 /* SelectUsersModel.swift */ = {isa = PBXFileReference; lastKnownFileType = sourcecode.swift; path = SelectUsersModel.swift; sourceTree = "<group>"; };
		AF5EFE6D28C820860011B923 /* SelectUsersViewModel.swift */ = {isa = PBXFileReference; lastKnownFileType = sourcecode.swift; path = SelectUsersViewModel.swift; sourceTree = "<group>"; };
		AF9DA71428C44AE90004B101 /* tech-ninjas.app */ = {isa = PBXFileReference; explicitFileType = wrapper.application; includeInIndex = 0; path = "tech-ninjas.app"; sourceTree = BUILT_PRODUCTS_DIR; };
		AF9DA71728C44AE90004B101 /* AppDelegate.swift */ = {isa = PBXFileReference; lastKnownFileType = sourcecode.swift; path = AppDelegate.swift; sourceTree = "<group>"; };
		AF9DA71928C44AE90004B101 /* SceneDelegate.swift */ = {isa = PBXFileReference; lastKnownFileType = sourcecode.swift; path = SceneDelegate.swift; sourceTree = "<group>"; };
		AF9DA72028C44AEA0004B101 /* Assets.xcassets */ = {isa = PBXFileReference; lastKnownFileType = folder.assetcatalog; path = Assets.xcassets; sourceTree = "<group>"; };
		AF9DA72328C44AEA0004B101 /* Base */ = {isa = PBXFileReference; lastKnownFileType = file.storyboard; name = Base; path = Base.lproj/LaunchScreen.storyboard; sourceTree = "<group>"; };
		AF9DA72528C44AEA0004B101 /* Info.plist */ = {isa = PBXFileReference; lastKnownFileType = text.plist.xml; path = Info.plist; sourceTree = "<group>"; };
		AF9DA72A28C44AEB0004B101 /* tech-ninjasTests.xctest */ = {isa = PBXFileReference; explicitFileType = wrapper.cfbundle; includeInIndex = 0; path = "tech-ninjasTests.xctest"; sourceTree = BUILT_PRODUCTS_DIR; };
		AF9DA72E28C44AEB0004B101 /* tech_ninjasTests.swift */ = {isa = PBXFileReference; lastKnownFileType = sourcecode.swift; path = tech_ninjasTests.swift; sourceTree = "<group>"; };
		AF9DA73428C44AEB0004B101 /* tech-ninjasUITests.xctest */ = {isa = PBXFileReference; explicitFileType = wrapper.cfbundle; includeInIndex = 0; path = "tech-ninjasUITests.xctest"; sourceTree = BUILT_PRODUCTS_DIR; };
		AF9DA73828C44AEB0004B101 /* tech_ninjasUITests.swift */ = {isa = PBXFileReference; lastKnownFileType = sourcecode.swift; path = tech_ninjasUITests.swift; sourceTree = "<group>"; };
		AF9DA73A28C44AEB0004B101 /* tech_ninjasUITestsLaunchTests.swift */ = {isa = PBXFileReference; lastKnownFileType = sourcecode.swift; path = tech_ninjasUITestsLaunchTests.swift; sourceTree = "<group>"; };
		AF9DA75428C4611F0004B101 /* HomeFeatureCoordinator.swift */ = {isa = PBXFileReference; lastKnownFileType = sourcecode.swift; path = HomeFeatureCoordinator.swift; sourceTree = "<group>"; };
		AF9DA75628C4618D0004B101 /* HomeViewController.swift */ = {isa = PBXFileReference; lastKnownFileType = sourcecode.swift; path = HomeViewController.swift; sourceTree = "<group>"; };
		B4982A0FBD51C82D3221E617 /* Pods-tech-ninjasTests.release.xcconfig */ = {isa = PBXFileReference; includeInIndex = 1; lastKnownFileType = text.xcconfig; name = "Pods-tech-ninjasTests.release.xcconfig"; path = "Target Support Files/Pods-tech-ninjasTests/Pods-tech-ninjasTests.release.xcconfig"; sourceTree = "<group>"; };
		C4F899F1EF4E48E09DB992AA /* Pods-tech-ninjas.release.xcconfig */ = {isa = PBXFileReference; includeInIndex = 1; lastKnownFileType = text.xcconfig; name = "Pods-tech-ninjas.release.xcconfig"; path = "Target Support Files/Pods-tech-ninjas/Pods-tech-ninjas.release.xcconfig"; sourceTree = "<group>"; };
/* End PBXFileReference section */

/* Begin PBXFrameworksBuildPhase section */
		AF9DA71128C44AE90004B101 /* Frameworks */ = {
			isa = PBXFrameworksBuildPhase;
			buildActionMask = 2147483647;
			files = (
				E6536A9503555915D0FEA6E2 /* Pods_tech_ninjas.framework in Frameworks */,
			);
			runOnlyForDeploymentPostprocessing = 0;
		};
		AF9DA72728C44AEB0004B101 /* Frameworks */ = {
			isa = PBXFrameworksBuildPhase;
			buildActionMask = 2147483647;
			files = (
				024C514DF8E62051315CDF1A /* Pods_tech_ninjasTests.framework in Frameworks */,
			);
			runOnlyForDeploymentPostprocessing = 0;
		};
		AF9DA73128C44AEB0004B101 /* Frameworks */ = {
			isa = PBXFrameworksBuildPhase;
			buildActionMask = 2147483647;
			files = (
				28F24BE6C122A5C3AC63C408 /* Pods_tech_ninjas_tech_ninjasUITests.framework in Frameworks */,
			);
			runOnlyForDeploymentPostprocessing = 0;
		};
/* End PBXFrameworksBuildPhase section */

/* Begin PBXGroup section */
		8DB1E9F4291455CB00450E25 /* Coordinator */ = {
			isa = PBXGroup;
			children = (
				8DB1E9F5291455F600450E25 /* MainCoordinator.swift */,
			);
			path = Coordinator;
			sourceTree = "<group>";
		};
		9B2D1728704ED24FEA20FA15 /* Pods */ = {
			isa = PBXGroup;
			children = (
				5CBCC83238F95C73F3D805F9 /* Pods-tech-ninjas.debug.xcconfig */,
				C4F899F1EF4E48E09DB992AA /* Pods-tech-ninjas.release.xcconfig */,
				6C9BECD9F400923D66D4EFA6 /* Pods-tech-ninjas-tech-ninjasUITests.debug.xcconfig */,
				33882AD9FA542FE5510B3A41 /* Pods-tech-ninjas-tech-ninjasUITests.release.xcconfig */,
				4239BDB1666E564CFE9427FE /* Pods-tech-ninjasTests.debug.xcconfig */,
				B4982A0FBD51C82D3221E617 /* Pods-tech-ninjasTests.release.xcconfig */,
			);
			path = Pods;
			sourceTree = "<group>";
		};
		AF39AF2228ED3044009A5FA8 /* cells */ = {
			isa = PBXGroup;
			children = (
				AF39AF2328ED3070009A5FA8 /* UserSummaryViewCell.swift */,
			);
			path = cells;
			sourceTree = "<group>";
		};
		AF5EFE5D28C81C890011B923 /* Home */ = {
			isa = PBXGroup;
			children = (
				AF9DA75428C4611F0004B101 /* HomeFeatureCoordinator.swift */,
				AF9DA75628C4618D0004B101 /* HomeViewController.swift */,
			);
			path = Home;
			sourceTree = "<group>";
		};
		AF5EFE5E28C81CE30011B923 /* SelectUsers */ = {
			isa = PBXGroup;
			children = (
				AF39AF2228ED3044009A5FA8 /* cells */,
				AF5EFE6928C820860011B923 /* SelectUsersCoordinator.swift */,
				AF5EFE6A28C820860011B923 /* SelectUsersViewController.swift */,
				AF5EFE6B28C820860011B923 /* SelectUsersView.swift */,
				AF5EFE6C28C820860011B923 /* SelectUsersModel.swift */,
				AF5EFE6D28C820860011B923 /* SelectUsersViewModel.swift */,
				AF39AF2628ED3A70009A5FA8 /* SelectUsersService.swift */,
			);
			path = SelectUsers;
			sourceTree = "<group>";
		};
		AF9DA70B28C44AE90004B101 = {
			isa = PBXGroup;
			children = (
				8DE3AED228FA061E0042BB42 /* MaterialIcons-Regular.ttf */,
				AF9DA75928C51D870004B101 /* Packages */,
				AF9DA71628C44AE90004B101 /* tech-ninjas */,
				AF9DA72D28C44AEB0004B101 /* tech-ninjasTests */,
				AF9DA73728C44AEB0004B101 /* tech-ninjasUITests */,
				AF9DA71528C44AE90004B101 /* Products */,
				AF9DA75B28C51E950004B101 /* Frameworks */,
				9B2D1728704ED24FEA20FA15 /* Pods */,
			);
			sourceTree = "<group>";
		};
		AF9DA71528C44AE90004B101 /* Products */ = {
			isa = PBXGroup;
			children = (
				AF9DA71428C44AE90004B101 /* tech-ninjas.app */,
				AF9DA72A28C44AEB0004B101 /* tech-ninjasTests.xctest */,
				AF9DA73428C44AEB0004B101 /* tech-ninjasUITests.xctest */,
			);
			name = Products;
			sourceTree = "<group>";
		};
		AF9DA71628C44AE90004B101 /* tech-ninjas */ = {
			isa = PBXGroup;
			children = (
				8DB1E9F4291455CB00450E25 /* Coordinator */,
				AF9DA74728C44AF60004B101 /* Guidelines */,
				AF9DA71728C44AE90004B101 /* AppDelegate.swift */,
				AF9DA71928C44AE90004B101 /* SceneDelegate.swift */,
				AF9DA72028C44AEA0004B101 /* Assets.xcassets */,
				AF9DA72228C44AEA0004B101 /* LaunchScreen.storyboard */,
				AF9DA72528C44AEA0004B101 /* Info.plist */,
			);
			path = "tech-ninjas";
			sourceTree = "<group>";
		};
		AF9DA72D28C44AEB0004B101 /* tech-ninjasTests */ = {
			isa = PBXGroup;
			children = (
				AF9DA72E28C44AEB0004B101 /* tech_ninjasTests.swift */,
			);
			path = "tech-ninjasTests";
			sourceTree = "<group>";
		};
		AF9DA73728C44AEB0004B101 /* tech-ninjasUITests */ = {
			isa = PBXGroup;
			children = (
				AF9DA73828C44AEB0004B101 /* tech_ninjasUITests.swift */,
				AF9DA73A28C44AEB0004B101 /* tech_ninjasUITestsLaunchTests.swift */,
			);
			path = "tech-ninjasUITests";
			sourceTree = "<group>";
		};
		AF9DA74728C44AF60004B101 /* Guidelines */ = {
			isa = PBXGroup;
			children = (
				AF9DA74A28C44B2B0004B101 /* Archtecture */,
			);
			path = Guidelines;
			sourceTree = "<group>";
		};
		AF9DA74A28C44B2B0004B101 /* Archtecture */ = {
			isa = PBXGroup;
			children = (
				AF9DA75328C460F40004B101 /* Example */,
			);
			path = Archtecture;
			sourceTree = "<group>";
		};
		AF9DA75328C460F40004B101 /* Example */ = {
			isa = PBXGroup;
			children = (
				AF9DA75828C464D10004B101 /* Modules */,
			);
			path = Example;
			sourceTree = "<group>";
		};
		AF9DA75828C464D10004B101 /* Modules */ = {
			isa = PBXGroup;
			children = (
				AF5EFE5E28C81CE30011B923 /* SelectUsers */,
				AF5EFE5D28C81C890011B923 /* Home */,
			);
			path = Modules;
			sourceTree = "<group>";
		};
		AF9DA75928C51D870004B101 /* Packages */ = {
			isa = PBXGroup;
			children = (
			);
			name = Packages;
			sourceTree = "<group>";
		};
		AF9DA75B28C51E950004B101 /* Frameworks */ = {
			isa = PBXGroup;
			children = (
				8BFC5256A9E17F9D2E030269 /* Pods_tech_ninjas.framework */,
				4C674F9699D4D9149AD0514E /* Pods_tech_ninjas_tech_ninjasUITests.framework */,
				5709AA91946DAC315769F135 /* Pods_tech_ninjasTests.framework */,
			);
			name = Frameworks;
			sourceTree = "<group>";
		};
/* End PBXGroup section */

/* Begin PBXNativeTarget section */
		AF9DA71328C44AE90004B101 /* tech-ninjas */ = {
			isa = PBXNativeTarget;
			buildConfigurationList = AF9DA73E28C44AEB0004B101 /* Build configuration list for PBXNativeTarget "tech-ninjas" */;
			buildPhases = (
				E8330D5BE48FC67A11B0C662 /* [CP] Check Pods Manifest.lock */,
				AF9DA71128C44AE90004B101 /* Frameworks */,
				AF9DA71028C44AE90004B101 /* Sources */,
				AF9DA71228C44AE90004B101 /* Resources */,
				52EEAF02C559A6560D289BA1 /* [CP] Embed Pods Frameworks */,
			);
			buildRules = (
			);
			dependencies = (
			);
			name = "tech-ninjas";
			packageProductDependencies = (
			);
			productName = "tech-ninjas";
			productReference = AF9DA71428C44AE90004B101 /* tech-ninjas.app */;
			productType = "com.apple.product-type.application";
		};
		AF9DA72928C44AEB0004B101 /* tech-ninjasTests */ = {
			isa = PBXNativeTarget;
			buildConfigurationList = AF9DA74128C44AEB0004B101 /* Build configuration list for PBXNativeTarget "tech-ninjasTests" */;
			buildPhases = (
				F5FA416904E6A89F3A4F7CF9 /* [CP] Check Pods Manifest.lock */,
				AF9DA72628C44AEB0004B101 /* Sources */,
				AF9DA72728C44AEB0004B101 /* Frameworks */,
				AF9DA72828C44AEB0004B101 /* Resources */,
			);
			buildRules = (
			);
			dependencies = (
				AF9DA72C28C44AEB0004B101 /* PBXTargetDependency */,
			);
			name = "tech-ninjasTests";
			productName = "tech-ninjasTests";
			productReference = AF9DA72A28C44AEB0004B101 /* tech-ninjasTests.xctest */;
			productType = "com.apple.product-type.bundle.unit-test";
		};
		AF9DA73328C44AEB0004B101 /* tech-ninjasUITests */ = {
			isa = PBXNativeTarget;
			buildConfigurationList = AF9DA74428C44AEB0004B101 /* Build configuration list for PBXNativeTarget "tech-ninjasUITests" */;
			buildPhases = (
				07F71668FC8C6DCEA6BCA32D /* [CP] Check Pods Manifest.lock */,
				AF9DA73028C44AEB0004B101 /* Sources */,
				AF9DA73128C44AEB0004B101 /* Frameworks */,
				AF9DA73228C44AEB0004B101 /* Resources */,
				F3B282EAFEDD1E3A48AEB310 /* [CP] Embed Pods Frameworks */,
			);
			buildRules = (
			);
			dependencies = (
				AF9DA73628C44AEB0004B101 /* PBXTargetDependency */,
			);
			name = "tech-ninjasUITests";
			productName = "tech-ninjasUITests";
			productReference = AF9DA73428C44AEB0004B101 /* tech-ninjasUITests.xctest */;
			productType = "com.apple.product-type.bundle.ui-testing";
		};
/* End PBXNativeTarget section */

/* Begin PBXProject section */
		AF9DA70C28C44AE90004B101 /* Project object */ = {
			isa = PBXProject;
			attributes = {
				BuildIndependentTargetsInParallel = 1;
				LastSwiftUpdateCheck = 1340;
				LastUpgradeCheck = 1340;
				TargetAttributes = {
					AF9DA71328C44AE90004B101 = {
						CreatedOnToolsVersion = 13.4.1;
					};
					AF9DA72928C44AEB0004B101 = {
						CreatedOnToolsVersion = 13.4.1;
						TestTargetID = AF9DA71328C44AE90004B101;
					};
					AF9DA73328C44AEB0004B101 = {
						CreatedOnToolsVersion = 13.4.1;
						TestTargetID = AF9DA71328C44AE90004B101;
					};
				};
			};
			buildConfigurationList = AF9DA70F28C44AE90004B101 /* Build configuration list for PBXProject "tech-ninjas" */;
			compatibilityVersion = "Xcode 13.0";
			developmentRegion = en;
			hasScannedForEncodings = 0;
			knownRegions = (
				en,
				Base,
			);
			mainGroup = AF9DA70B28C44AE90004B101;
			packageReferences = (
			);
			productRefGroup = AF9DA71528C44AE90004B101 /* Products */;
			projectDirPath = "";
			projectRoot = "";
			targets = (
				AF9DA71328C44AE90004B101 /* tech-ninjas */,
				AF9DA72928C44AEB0004B101 /* tech-ninjasTests */,
				AF9DA73328C44AEB0004B101 /* tech-ninjasUITests */,
			);
		};
/* End PBXProject section */

/* Begin PBXResourcesBuildPhase section */
		AF9DA71228C44AE90004B101 /* Resources */ = {
			isa = PBXResourcesBuildPhase;
			buildActionMask = 2147483647;
			files = (
				AF9DA72428C44AEA0004B101 /* LaunchScreen.storyboard in Resources */,
				8DE3AED328FA061E0042BB42 /* MaterialIcons-Regular.ttf in Resources */,
				AF9DA72128C44AEA0004B101 /* Assets.xcassets in Resources */,
			);
			runOnlyForDeploymentPostprocessing = 0;
		};
		AF9DA72828C44AEB0004B101 /* Resources */ = {
			isa = PBXResourcesBuildPhase;
			buildActionMask = 2147483647;
			files = (
			);
			runOnlyForDeploymentPostprocessing = 0;
		};
		AF9DA73228C44AEB0004B101 /* Resources */ = {
			isa = PBXResourcesBuildPhase;
			buildActionMask = 2147483647;
			files = (
			);
			runOnlyForDeploymentPostprocessing = 0;
		};
/* End PBXResourcesBuildPhase section */

/* Begin PBXShellScriptBuildPhase section */
		07F71668FC8C6DCEA6BCA32D /* [CP] Check Pods Manifest.lock */ = {
			isa = PBXShellScriptBuildPhase;
			buildActionMask = 2147483647;
			files = (
			);
			inputFileListPaths = (
			);
			inputPaths = (
				"${PODS_PODFILE_DIR_PATH}/Podfile.lock",
				"${PODS_ROOT}/Manifest.lock",
			);
			name = "[CP] Check Pods Manifest.lock";
			outputFileListPaths = (
			);
			outputPaths = (
				"$(DERIVED_FILE_DIR)/Pods-tech-ninjas-tech-ninjasUITests-checkManifestLockResult.txt",
			);
			runOnlyForDeploymentPostprocessing = 0;
			shellPath = /bin/sh;
			shellScript = "diff \"${PODS_PODFILE_DIR_PATH}/Podfile.lock\" \"${PODS_ROOT}/Manifest.lock\" > /dev/null\nif [ $? != 0 ] ; then\n    # print error to STDERR\n    echo \"error: The sandbox is not in sync with the Podfile.lock. Run 'pod install' or update your CocoaPods installation.\" >&2\n    exit 1\nfi\n# This output is used by Xcode 'outputs' to avoid re-running this script phase.\necho \"SUCCESS\" > \"${SCRIPT_OUTPUT_FILE_0}\"\n";
			showEnvVarsInLog = 0;
		};
		52EEAF02C559A6560D289BA1 /* [CP] Embed Pods Frameworks */ = {
			isa = PBXShellScriptBuildPhase;
			buildActionMask = 2147483647;
			files = (
			);
			inputFileListPaths = (
				"${PODS_ROOT}/Target Support Files/Pods-tech-ninjas/Pods-tech-ninjas-frameworks-${CONFIGURATION}-input-files.xcfilelist",
			);
			name = "[CP] Embed Pods Frameworks";
			outputFileListPaths = (
				"${PODS_ROOT}/Target Support Files/Pods-tech-ninjas/Pods-tech-ninjas-frameworks-${CONFIGURATION}-output-files.xcfilelist",
			);
			runOnlyForDeploymentPostprocessing = 0;
			shellPath = /bin/sh;
			shellScript = "\"${PODS_ROOT}/Target Support Files/Pods-tech-ninjas/Pods-tech-ninjas-frameworks.sh\"\n";
			showEnvVarsInLog = 0;
		};
		E8330D5BE48FC67A11B0C662 /* [CP] Check Pods Manifest.lock */ = {
			isa = PBXShellScriptBuildPhase;
			buildActionMask = 2147483647;
			files = (
			);
			inputFileListPaths = (
			);
			inputPaths = (
				"${PODS_PODFILE_DIR_PATH}/Podfile.lock",
				"${PODS_ROOT}/Manifest.lock",
			);
			name = "[CP] Check Pods Manifest.lock";
			outputFileListPaths = (
			);
			outputPaths = (
				"$(DERIVED_FILE_DIR)/Pods-tech-ninjas-checkManifestLockResult.txt",
			);
			runOnlyForDeploymentPostprocessing = 0;
			shellPath = /bin/sh;
			shellScript = "diff \"${PODS_PODFILE_DIR_PATH}/Podfile.lock\" \"${PODS_ROOT}/Manifest.lock\" > /dev/null\nif [ $? != 0 ] ; then\n    # print error to STDERR\n    echo \"error: The sandbox is not in sync with the Podfile.lock. Run 'pod install' or update your CocoaPods installation.\" >&2\n    exit 1\nfi\n# This output is used by Xcode 'outputs' to avoid re-running this script phase.\necho \"SUCCESS\" > \"${SCRIPT_OUTPUT_FILE_0}\"\n";
			showEnvVarsInLog = 0;
		};
		F3B282EAFEDD1E3A48AEB310 /* [CP] Embed Pods Frameworks */ = {
			isa = PBXShellScriptBuildPhase;
			buildActionMask = 2147483647;
			files = (
			);
			inputFileListPaths = (
				"${PODS_ROOT}/Target Support Files/Pods-tech-ninjas-tech-ninjasUITests/Pods-tech-ninjas-tech-ninjasUITests-frameworks-${CONFIGURATION}-input-files.xcfilelist",
			);
			name = "[CP] Embed Pods Frameworks";
			outputFileListPaths = (
				"${PODS_ROOT}/Target Support Files/Pods-tech-ninjas-tech-ninjasUITests/Pods-tech-ninjas-tech-ninjasUITests-frameworks-${CONFIGURATION}-output-files.xcfilelist",
			);
			runOnlyForDeploymentPostprocessing = 0;
			shellPath = /bin/sh;
			shellScript = "\"${PODS_ROOT}/Target Support Files/Pods-tech-ninjas-tech-ninjasUITests/Pods-tech-ninjas-tech-ninjasUITests-frameworks.sh\"\n";
			showEnvVarsInLog = 0;
		};
		F5FA416904E6A89F3A4F7CF9 /* [CP] Check Pods Manifest.lock */ = {
			isa = PBXShellScriptBuildPhase;
			buildActionMask = 2147483647;
			files = (
			);
			inputFileListPaths = (
			);
			inputPaths = (
				"${PODS_PODFILE_DIR_PATH}/Podfile.lock",
				"${PODS_ROOT}/Manifest.lock",
			);
			name = "[CP] Check Pods Manifest.lock";
			outputFileListPaths = (
			);
			outputPaths = (
				"$(DERIVED_FILE_DIR)/Pods-tech-ninjasTests-checkManifestLockResult.txt",
			);
			runOnlyForDeploymentPostprocessing = 0;
			shellPath = /bin/sh;
			shellScript = "diff \"${PODS_PODFILE_DIR_PATH}/Podfile.lock\" \"${PODS_ROOT}/Manifest.lock\" > /dev/null\nif [ $? != 0 ] ; then\n    # print error to STDERR\n    echo \"error: The sandbox is not in sync with the Podfile.lock. Run 'pod install' or update your CocoaPods installation.\" >&2\n    exit 1\nfi\n# This output is used by Xcode 'outputs' to avoid re-running this script phase.\necho \"SUCCESS\" > \"${SCRIPT_OUTPUT_FILE_0}\"\n";
			showEnvVarsInLog = 0;
		};
/* End PBXShellScriptBuildPhase section */

/* Begin PBXSourcesBuildPhase section */
		AF9DA71028C44AE90004B101 /* Sources */ = {
			isa = PBXSourcesBuildPhase;
			buildActionMask = 2147483647;
			files = (
				AF9DA71828C44AE90004B101 /* AppDelegate.swift in Sources */,
				8DB1E9F6291455F600450E25 /* MainCoordinator.swift in Sources */,
				AF9DA75728C4618D0004B101 /* HomeViewController.swift in Sources */,
				AF9DA71A28C44AE90004B101 /* SceneDelegate.swift in Sources */,
				AF39AF2728ED3A70009A5FA8 /* SelectUsersService.swift in Sources */,
				AF5EFE7028C820860011B923 /* SelectUsersView.swift in Sources */,
				AF39AF2428ED3070009A5FA8 /* UserSummaryViewCell.swift in Sources */,
				AF5EFE7128C820860011B923 /* SelectUsersModel.swift in Sources */,
				AF5EFE7228C820860011B923 /* SelectUsersViewModel.swift in Sources */,
				AF5EFE6F28C820860011B923 /* SelectUsersViewController.swift in Sources */,
				AF5EFE6E28C820860011B923 /* SelectUsersCoordinator.swift in Sources */,
				AF9DA75528C4611F0004B101 /* HomeFeatureCoordinator.swift in Sources */,
			);
			runOnlyForDeploymentPostprocessing = 0;
		};
		AF9DA72628C44AEB0004B101 /* Sources */ = {
			isa = PBXSourcesBuildPhase;
			buildActionMask = 2147483647;
			files = (
				AF9DA72F28C44AEB0004B101 /* tech_ninjasTests.swift in Sources */,
			);
			runOnlyForDeploymentPostprocessing = 0;
		};
		AF9DA73028C44AEB0004B101 /* Sources */ = {
			isa = PBXSourcesBuildPhase;
			buildActionMask = 2147483647;
			files = (
				AF9DA73928C44AEB0004B101 /* tech_ninjasUITests.swift in Sources */,
				AF9DA73B28C44AEB0004B101 /* tech_ninjasUITestsLaunchTests.swift in Sources */,
			);
			runOnlyForDeploymentPostprocessing = 0;
		};
/* End PBXSourcesBuildPhase section */

/* Begin PBXTargetDependency section */
		AF9DA72C28C44AEB0004B101 /* PBXTargetDependency */ = {
			isa = PBXTargetDependency;
			target = AF9DA71328C44AE90004B101 /* tech-ninjas */;
			targetProxy = AF9DA72B28C44AEB0004B101 /* PBXContainerItemProxy */;
		};
		AF9DA73628C44AEB0004B101 /* PBXTargetDependency */ = {
			isa = PBXTargetDependency;
			target = AF9DA71328C44AE90004B101 /* tech-ninjas */;
			targetProxy = AF9DA73528C44AEB0004B101 /* PBXContainerItemProxy */;
		};
/* End PBXTargetDependency section */

/* Begin PBXVariantGroup section */
		AF9DA72228C44AEA0004B101 /* LaunchScreen.storyboard */ = {
			isa = PBXVariantGroup;
			children = (
				AF9DA72328C44AEA0004B101 /* Base */,
			);
			name = LaunchScreen.storyboard;
			sourceTree = "<group>";
		};
/* End PBXVariantGroup section */

/* Begin XCBuildConfiguration section */
		AF9DA73C28C44AEB0004B101 /* Debug */ = {
			isa = XCBuildConfiguration;
			buildSettings = {
				ALWAYS_SEARCH_USER_PATHS = NO;
				CLANG_ANALYZER_NONNULL = YES;
				CLANG_ANALYZER_NUMBER_OBJECT_CONVERSION = YES_AGGRESSIVE;
				CLANG_CXX_LANGUAGE_STANDARD = "gnu++17";
				CLANG_ENABLE_MODULES = YES;
				CLANG_ENABLE_OBJC_ARC = YES;
				CLANG_ENABLE_OBJC_WEAK = YES;
				CLANG_WARN_BLOCK_CAPTURE_AUTORELEASING = YES;
				CLANG_WARN_BOOL_CONVERSION = YES;
				CLANG_WARN_COMMA = YES;
				CLANG_WARN_CONSTANT_CONVERSION = YES;
				CLANG_WARN_DEPRECATED_OBJC_IMPLEMENTATIONS = YES;
				CLANG_WARN_DIRECT_OBJC_ISA_USAGE = YES_ERROR;
				CLANG_WARN_DOCUMENTATION_COMMENTS = YES;
				CLANG_WARN_EMPTY_BODY = YES;
				CLANG_WARN_ENUM_CONVERSION = YES;
				CLANG_WARN_INFINITE_RECURSION = YES;
				CLANG_WARN_INT_CONVERSION = YES;
				CLANG_WARN_NON_LITERAL_NULL_CONVERSION = YES;
				CLANG_WARN_OBJC_IMPLICIT_RETAIN_SELF = YES;
				CLANG_WARN_OBJC_LITERAL_CONVERSION = YES;
				CLANG_WARN_OBJC_ROOT_CLASS = YES_ERROR;
				CLANG_WARN_QUOTED_INCLUDE_IN_FRAMEWORK_HEADER = YES;
				CLANG_WARN_RANGE_LOOP_ANALYSIS = YES;
				CLANG_WARN_STRICT_PROTOTYPES = YES;
				CLANG_WARN_SUSPICIOUS_MOVE = YES;
				CLANG_WARN_UNGUARDED_AVAILABILITY = YES_AGGRESSIVE;
				CLANG_WARN_UNREACHABLE_CODE = YES;
				CLANG_WARN__DUPLICATE_METHOD_MATCH = YES;
				COPY_PHASE_STRIP = NO;
				DEBUG_INFORMATION_FORMAT = dwarf;
				ENABLE_STRICT_OBJC_MSGSEND = YES;
				ENABLE_TESTABILITY = YES;
				GCC_C_LANGUAGE_STANDARD = gnu11;
				GCC_DYNAMIC_NO_PIC = NO;
				GCC_NO_COMMON_BLOCKS = YES;
				GCC_OPTIMIZATION_LEVEL = 0;
				GCC_PREPROCESSOR_DEFINITIONS = (
					"DEBUG=1",
					"$(inherited)",
				);
				GCC_WARN_64_TO_32_BIT_CONVERSION = YES;
				GCC_WARN_ABOUT_RETURN_TYPE = YES_ERROR;
				GCC_WARN_UNDECLARED_SELECTOR = YES;
				GCC_WARN_UNINITIALIZED_AUTOS = YES_AGGRESSIVE;
				GCC_WARN_UNUSED_FUNCTION = YES;
				GCC_WARN_UNUSED_VARIABLE = YES;
				IPHONEOS_DEPLOYMENT_TARGET = 15.5;
				MTL_ENABLE_DEBUG_INFO = INCLUDE_SOURCE;
				MTL_FAST_MATH = YES;
				ONLY_ACTIVE_ARCH = YES;
				SDKROOT = iphoneos;
				SWIFT_ACTIVE_COMPILATION_CONDITIONS = DEBUG;
				SWIFT_OPTIMIZATION_LEVEL = "-Onone";
			};
			name = Debug;
		};
		AF9DA73D28C44AEB0004B101 /* Release */ = {
			isa = XCBuildConfiguration;
			buildSettings = {
				ALWAYS_SEARCH_USER_PATHS = NO;
				CLANG_ANALYZER_NONNULL = YES;
				CLANG_ANALYZER_NUMBER_OBJECT_CONVERSION = YES_AGGRESSIVE;
				CLANG_CXX_LANGUAGE_STANDARD = "gnu++17";
				CLANG_ENABLE_MODULES = YES;
				CLANG_ENABLE_OBJC_ARC = YES;
				CLANG_ENABLE_OBJC_WEAK = YES;
				CLANG_WARN_BLOCK_CAPTURE_AUTORELEASING = YES;
				CLANG_WARN_BOOL_CONVERSION = YES;
				CLANG_WARN_COMMA = YES;
				CLANG_WARN_CONSTANT_CONVERSION = YES;
				CLANG_WARN_DEPRECATED_OBJC_IMPLEMENTATIONS = YES;
				CLANG_WARN_DIRECT_OBJC_ISA_USAGE = YES_ERROR;
				CLANG_WARN_DOCUMENTATION_COMMENTS = YES;
				CLANG_WARN_EMPTY_BODY = YES;
				CLANG_WARN_ENUM_CONVERSION = YES;
				CLANG_WARN_INFINITE_RECURSION = YES;
				CLANG_WARN_INT_CONVERSION = YES;
				CLANG_WARN_NON_LITERAL_NULL_CONVERSION = YES;
				CLANG_WARN_OBJC_IMPLICIT_RETAIN_SELF = YES;
				CLANG_WARN_OBJC_LITERAL_CONVERSION = YES;
				CLANG_WARN_OBJC_ROOT_CLASS = YES_ERROR;
				CLANG_WARN_QUOTED_INCLUDE_IN_FRAMEWORK_HEADER = YES;
				CLANG_WARN_RANGE_LOOP_ANALYSIS = YES;
				CLANG_WARN_STRICT_PROTOTYPES = YES;
				CLANG_WARN_SUSPICIOUS_MOVE = YES;
				CLANG_WARN_UNGUARDED_AVAILABILITY = YES_AGGRESSIVE;
				CLANG_WARN_UNREACHABLE_CODE = YES;
				CLANG_WARN__DUPLICATE_METHOD_MATCH = YES;
				COPY_PHASE_STRIP = NO;
				DEBUG_INFORMATION_FORMAT = "dwarf-with-dsym";
				ENABLE_NS_ASSERTIONS = NO;
				ENABLE_STRICT_OBJC_MSGSEND = YES;
				GCC_C_LANGUAGE_STANDARD = gnu11;
				GCC_NO_COMMON_BLOCKS = YES;
				GCC_WARN_64_TO_32_BIT_CONVERSION = YES;
				GCC_WARN_ABOUT_RETURN_TYPE = YES_ERROR;
				GCC_WARN_UNDECLARED_SELECTOR = YES;
				GCC_WARN_UNINITIALIZED_AUTOS = YES_AGGRESSIVE;
				GCC_WARN_UNUSED_FUNCTION = YES;
				GCC_WARN_UNUSED_VARIABLE = YES;
				IPHONEOS_DEPLOYMENT_TARGET = 15.5;
				MTL_ENABLE_DEBUG_INFO = NO;
				MTL_FAST_MATH = YES;
				SDKROOT = iphoneos;
				SWIFT_COMPILATION_MODE = wholemodule;
				SWIFT_OPTIMIZATION_LEVEL = "-O";
				VALIDATE_PRODUCT = YES;
			};
			name = Release;
		};
		AF9DA73F28C44AEB0004B101 /* Debug */ = {
			isa = XCBuildConfiguration;
			baseConfigurationReference = 5CBCC83238F95C73F3D805F9 /* Pods-tech-ninjas.debug.xcconfig */;
			buildSettings = {
				ASSETCATALOG_COMPILER_APPICON_NAME = AppIcon;
				ASSETCATALOG_COMPILER_GLOBAL_ACCENT_COLOR_NAME = AccentColor;
				CODE_SIGN_STYLE = Automatic;
				CURRENT_PROJECT_VERSION = 1;
				DEVELOPMENT_TEAM = 4XWMMXB4KD;
				GENERATE_INFOPLIST_FILE = YES;
				INFOPLIST_FILE = "tech-ninjas/Info.plist";
				INFOPLIST_KEY_UIApplicationSupportsIndirectInputEvents = YES;
				INFOPLIST_KEY_UILaunchStoryboardName = LaunchScreen;
				INFOPLIST_KEY_UISupportedInterfaceOrientations_iPad = "UIInterfaceOrientationPortrait UIInterfaceOrientationPortraitUpsideDown UIInterfaceOrientationLandscapeLeft UIInterfaceOrientationLandscapeRight";
				INFOPLIST_KEY_UISupportedInterfaceOrientations_iPhone = "UIInterfaceOrientationPortrait UIInterfaceOrientationLandscapeLeft UIInterfaceOrientationLandscapeRight";
				LD_RUNPATH_SEARCH_PATHS = (
					"$(inherited)",
					"@executable_path/Frameworks",
				);
				MARKETING_VERSION = 1.0;
				PRODUCT_BUNDLE_IDENTIFIER = "com.age.tech-ninjas";
				PRODUCT_NAME = "$(TARGET_NAME)";
				SWIFT_EMIT_LOC_STRINGS = YES;
				SWIFT_VERSION = 5.0;
				TARGETED_DEVICE_FAMILY = "1,2";
			};
			name = Debug;
		};
		AF9DA74028C44AEB0004B101 /* Release */ = {
			isa = XCBuildConfiguration;
			baseConfigurationReference = C4F899F1EF4E48E09DB992AA /* Pods-tech-ninjas.release.xcconfig */;
			buildSettings = {
				ASSETCATALOG_COMPILER_APPICON_NAME = AppIcon;
				ASSETCATALOG_COMPILER_GLOBAL_ACCENT_COLOR_NAME = AccentColor;
				CODE_SIGN_STYLE = Automatic;
				CURRENT_PROJECT_VERSION = 1;
				DEVELOPMENT_TEAM = 4XWMMXB4KD;
				GENERATE_INFOPLIST_FILE = YES;
				INFOPLIST_FILE = "tech-ninjas/Info.plist";
				INFOPLIST_KEY_UIApplicationSupportsIndirectInputEvents = YES;
				INFOPLIST_KEY_UILaunchStoryboardName = LaunchScreen;
				INFOPLIST_KEY_UISupportedInterfaceOrientations_iPad = "UIInterfaceOrientationPortrait UIInterfaceOrientationPortraitUpsideDown UIInterfaceOrientationLandscapeLeft UIInterfaceOrientationLandscapeRight";
				INFOPLIST_KEY_UISupportedInterfaceOrientations_iPhone = "UIInterfaceOrientationPortrait UIInterfaceOrientationLandscapeLeft UIInterfaceOrientationLandscapeRight";
				LD_RUNPATH_SEARCH_PATHS = (
					"$(inherited)",
					"@executable_path/Frameworks",
				);
				MARKETING_VERSION = 1.0;
				PRODUCT_BUNDLE_IDENTIFIER = "com.age.tech-ninjas";
				PRODUCT_NAME = "$(TARGET_NAME)";
				SWIFT_EMIT_LOC_STRINGS = YES;
				SWIFT_VERSION = 5.0;
				TARGETED_DEVICE_FAMILY = "1,2";
			};
			name = Release;
		};
		AF9DA74228C44AEB0004B101 /* Debug */ = {
			isa = XCBuildConfiguration;
			baseConfigurationReference = 4239BDB1666E564CFE9427FE /* Pods-tech-ninjasTests.debug.xcconfig */;
			buildSettings = {
				ALWAYS_EMBED_SWIFT_STANDARD_LIBRARIES = YES;
				BUNDLE_LOADER = "$(TEST_HOST)";
				CODE_SIGN_STYLE = Automatic;
				CURRENT_PROJECT_VERSION = 1;
				DEVELOPMENT_TEAM = 4XWMMXB4KD;
				GENERATE_INFOPLIST_FILE = YES;
				IPHONEOS_DEPLOYMENT_TARGET = 15.5;
				MARKETING_VERSION = 1.0;
				PRODUCT_BUNDLE_IDENTIFIER = "com.age.tech-ninjasTests";
				PRODUCT_NAME = "$(TARGET_NAME)";
				SWIFT_EMIT_LOC_STRINGS = NO;
				SWIFT_VERSION = 5.0;
				TARGETED_DEVICE_FAMILY = "1,2";
				TEST_HOST = "$(BUILT_PRODUCTS_DIR)/tech-ninjas.app/tech-ninjas";
			};
			name = Debug;
		};
		AF9DA74328C44AEB0004B101 /* Release */ = {
			isa = XCBuildConfiguration;
			baseConfigurationReference = B4982A0FBD51C82D3221E617 /* Pods-tech-ninjasTests.release.xcconfig */;
			buildSettings = {
				ALWAYS_EMBED_SWIFT_STANDARD_LIBRARIES = YES;
				BUNDLE_LOADER = "$(TEST_HOST)";
				CODE_SIGN_STYLE = Automatic;
				CURRENT_PROJECT_VERSION = 1;
				DEVELOPMENT_TEAM = 4XWMMXB4KD;
				GENERATE_INFOPLIST_FILE = YES;
				IPHONEOS_DEPLOYMENT_TARGET = 15.5;
				MARKETING_VERSION = 1.0;
				PRODUCT_BUNDLE_IDENTIFIER = "com.age.tech-ninjasTests";
				PRODUCT_NAME = "$(TARGET_NAME)";
				SWIFT_EMIT_LOC_STRINGS = NO;
				SWIFT_VERSION = 5.0;
				TARGETED_DEVICE_FAMILY = "1,2";
				TEST_HOST = "$(BUILT_PRODUCTS_DIR)/tech-ninjas.app/tech-ninjas";
			};
			name = Release;
		};
		AF9DA74528C44AEB0004B101 /* Debug */ = {
			isa = XCBuildConfiguration;
			baseConfigurationReference = 6C9BECD9F400923D66D4EFA6 /* Pods-tech-ninjas-tech-ninjasUITests.debug.xcconfig */;
			buildSettings = {
				ALWAYS_EMBED_SWIFT_STANDARD_LIBRARIES = YES;
				CODE_SIGN_STYLE = Automatic;
				CURRENT_PROJECT_VERSION = 1;
				DEVELOPMENT_TEAM = 4XWMMXB4KD;
				GENERATE_INFOPLIST_FILE = YES;
				MARKETING_VERSION = 1.0;
				PRODUCT_BUNDLE_IDENTIFIER = "com.age.tech-ninjasUITests";
				PRODUCT_NAME = "$(TARGET_NAME)";
				SWIFT_EMIT_LOC_STRINGS = NO;
				SWIFT_VERSION = 5.0;
				TARGETED_DEVICE_FAMILY = "1,2";
				TEST_TARGET_NAME = "tech-ninjas";
			};
			name = Debug;
		};
		AF9DA74628C44AEB0004B101 /* Release */ = {
			isa = XCBuildConfiguration;
			baseConfigurationReference = 33882AD9FA542FE5510B3A41 /* Pods-tech-ninjas-tech-ninjasUITests.release.xcconfig */;
			buildSettings = {
				ALWAYS_EMBED_SWIFT_STANDARD_LIBRARIES = YES;
				CODE_SIGN_STYLE = Automatic;
				CURRENT_PROJECT_VERSION = 1;
				DEVELOPMENT_TEAM = 4XWMMXB4KD;
				GENERATE_INFOPLIST_FILE = YES;
				MARKETING_VERSION = 1.0;
				PRODUCT_BUNDLE_IDENTIFIER = "com.age.tech-ninjasUITests";
				PRODUCT_NAME = "$(TARGET_NAME)";
				SWIFT_EMIT_LOC_STRINGS = NO;
				SWIFT_VERSION = 5.0;
				TARGETED_DEVICE_FAMILY = "1,2";
				TEST_TARGET_NAME = "tech-ninjas";
			};
			name = Release;
		};
/* End XCBuildConfiguration section */

/* Begin XCConfigurationList section */
		AF9DA70F28C44AE90004B101 /* Build configuration list for PBXProject "tech-ninjas" */ = {
			isa = XCConfigurationList;
			buildConfigurations = (
				AF9DA73C28C44AEB0004B101 /* Debug */,
				AF9DA73D28C44AEB0004B101 /* Release */,
			);
			defaultConfigurationIsVisible = 0;
			defaultConfigurationName = Release;
		};
		AF9DA73E28C44AEB0004B101 /* Build configuration list for PBXNativeTarget "tech-ninjas" */ = {
			isa = XCConfigurationList;
			buildConfigurations = (
				AF9DA73F28C44AEB0004B101 /* Debug */,
				AF9DA74028C44AEB0004B101 /* Release */,
			);
			defaultConfigurationIsVisible = 0;
			defaultConfigurationName = Release;
		};
		AF9DA74128C44AEB0004B101 /* Build configuration list for PBXNativeTarget "tech-ninjasTests" */ = {
			isa = XCConfigurationList;
			buildConfigurations = (
				AF9DA74228C44AEB0004B101 /* Debug */,
				AF9DA74328C44AEB0004B101 /* Release */,
			);
			defaultConfigurationIsVisible = 0;
			defaultConfigurationName = Release;
		};
		AF9DA74428C44AEB0004B101 /* Build configuration list for PBXNativeTarget "tech-ninjasUITests" */ = {
			isa = XCConfigurationList;
			buildConfigurations = (
				AF9DA74528C44AEB0004B101 /* Debug */,
				AF9DA74628C44AEB0004B101 /* Release */,
			);
			defaultConfigurationIsVisible = 0;
			defaultConfigurationName = Release;
		};
/* End XCConfigurationList section */
	};
	rootObject = AF9DA70C28C44AE90004B101 /* Project object */;
}
